
Microsoft Visual Studio Solution File, Format Version 11.00
# Visual Studio 2010
Project("{FAE04EC0-301F-11D3-BF4B-00C04F79EFBC}") = "hellenicair2", "hellenicair2.csproj", "{F76AFE21-2A5B-41B7-8DBB-0AC8B1D0F769}"
EndProject
Global
	GlobalSection(SolutionConfigurationPlatforms) = preSolution
		Debug|x86 = Debug|x86
		Release|x86 = Release|x86
	EndGlobalSection
	GlobalSection(ProjectConfigurationPlatforms) = postSolution
		{F76AFE21-2A5B-41B7-8DBB-0AC8B1D0F769}.Debug|x86.ActiveCfg = Debug|x86
		{F76AFE21-2A5B-41B7-8DBB-0AC8B1D0F769}.Debug|x86.Build.0 = Debug|x86
		{F76AFE21-2A5B-41B7-8DBB-0AC8B1D0F769}.Release|x86.ActiveCfg = Release|x86
		{F76AFE21-2A5B-41B7-8DBB-0AC8B1D0F769}.Release|x86.Build.0 = Release|x86
	EndGlobalSection
	GlobalSection(SolutionProperties) = preSolution
		HideSolutionNode = FALSE
	EndGlobalSection
EndGlobal
